// !$*UTF8*$!
{
	archiveVersion = 1;
	classes = {
	};
	objectVersion = 55;
	objects = {

/* Begin PBXBuildFile section */
		3D0D0DF427A1EA5D00CD3810 /* FeedCell.swift in Sources */ = {isa = PBXBuildFile; fileRef = 3D0D0DF327A1EA5D00CD3810 /* FeedCell.swift */; };
		3D68B1B9279EFBBE0020DF80 /* AppDelegate.swift in Sources */ = {isa = PBXBuildFile; fileRef = 3D68B1B8279EFBBE0020DF80 /* AppDelegate.swift */; };
		3D68B1BB279EFBBE0020DF80 /* SceneDelegate.swift in Sources */ = {isa = PBXBuildFile; fileRef = 3D68B1BA279EFBBE0020DF80 /* SceneDelegate.swift */; };
		3D68B1BD279EFBBE0020DF80 /* ViewController.swift in Sources */ = {isa = PBXBuildFile; fileRef = 3D68B1BC279EFBBE0020DF80 /* ViewController.swift */; };
		3D68B1C0279EFBBE0020DF80 /* Main.storyboard in Resources */ = {isa = PBXBuildFile; fileRef = 3D68B1BE279EFBBE0020DF80 /* Main.storyboard */; };
		3D68B1C3279EFBBE0020DF80 /* InstagramClone.xcdatamodeld in Sources */ = {isa = PBXBuildFile; fileRef = 3D68B1C1279EFBBE0020DF80 /* InstagramClone.xcdatamodeld */; };
		3D68B1C5279EFBC00020DF80 /* Assets.xcassets in Resources */ = {isa = PBXBuildFile; fileRef = 3D68B1C4279EFBC00020DF80 /* Assets.xcassets */; };
		3D68B1C8279EFBC00020DF80 /* LaunchScreen.storyboard in Resources */ = {isa = PBXBuildFile; fileRef = 3D68B1C6279EFBC00020DF80 /* LaunchScreen.storyboard */; };
		3D68B1D0279F011D0020DF80 /* GoogleService-Info.plist in Resources */ = {isa = PBXBuildFile; fileRef = 3D68B1CF279F011D0020DF80 /* GoogleService-Info.plist */; };
		3D768BA327A0B08000B05845 /* FeedViewController.swift in Sources */ = {isa = PBXBuildFile; fileRef = 3D768BA227A0B08000B05845 /* FeedViewController.swift */; };
		3D768BA527A0B08F00B05845 /* SettingsViewController.swift in Sources */ = {isa = PBXBuildFile; fileRef = 3D768BA427A0B08F00B05845 /* SettingsViewController.swift */; };
		3D768BA727A0B0A700B05845 /* UploadViewController.swift in Sources */ = {isa = PBXBuildFile; fileRef = 3D768BA627A0B0A700B05845 /* UploadViewController.swift */; };
		3DED209C27A250CF00D19BB6 /* image.jpg in Resources */ = {isa = PBXBuildFile; fileRef = 3DED209B27A250CE00D19BB6 /* image.jpg */; };
		54BDF6E3D8B05115D801812C /* Pods_InstagramClone.framework in Frameworks */ = {isa = PBXBuildFile; fileRef = 717CC2E86ED58DD213B6F104 /* Pods_InstagramClone.framework */; };
/* End PBXBuildFile section */

/* Begin PBXFileReference section */
		3D0D0DF327A1EA5D00CD3810 /* FeedCell.swift */ = {isa = PBXFileReference; lastKnownFileType = sourcecode.swift; path = FeedCell.swift; sourceTree = "<group>"; };
		3D68B1B5279EFBBE0020DF80 /* InstagramClone.app */ = {isa = PBXFileReference; explicitFileType = wrapper.application; includeInIndex = 0; path = InstagramClone.app; sourceTree = BUILT_PRODUCTS_DIR; };
		3D68B1B8279EFBBE0020DF80 /* AppDelegate.swift */ = {isa = PBXFileReference; lastKnownFileType = sourcecode.swift; path = AppDelegate.swift; sourceTree = "<group>"; };
		3D68B1BA279EFBBE0020DF80 /* SceneDelegate.swift */ = {isa = PBXFileReference; lastKnownFileType = sourcecode.swift; path = SceneDelegate.swift; sourceTree = "<group>"; };
		3D68B1BC279EFBBE0020DF80 /* ViewController.swift */ = {isa = PBXFileReference; lastKnownFileType = sourcecode.swift; path = ViewController.swift; sourceTree = "<group>"; };
		3D68B1BF279EFBBE0020DF80 /* Base */ = {isa = PBXFileReference; lastKnownFileType = file.storyboard; name = Base; path = Base.lproj/Main.storyboard; sourceTree = "<group>"; };
		3D68B1C2279EFBBE0020DF80 /* InstagramClone.xcdatamodel */ = {isa = PBXFileReference; lastKnownFileType = wrapper.xcdatamodel; path = InstagramClone.xcdatamodel; sourceTree = "<group>"; };
		3D68B1C4279EFBC00020DF80 /* Assets.xcassets */ = {isa = PBXFileReference; lastKnownFileType = folder.assetcatalog; path = Assets.xcassets; sourceTree = "<group>"; };
		3D68B1C7279EFBC00020DF80 /* Base */ = {isa = PBXFileReference; lastKnownFileType = file.storyboard; name = Base; path = Base.lproj/LaunchScreen.storyboard; sourceTree = "<group>"; };
		3D68B1C9279EFBC00020DF80 /* Info.plist */ = {isa = PBXFileReference; lastKnownFileType = text.plist.xml; path = Info.plist; sourceTree = "<group>"; };
		3D68B1CF279F011D0020DF80 /* GoogleService-Info.plist */ = {isa = PBXFileReference; fileEncoding = 4; lastKnownFileType = text.plist.xml; path = "GoogleService-Info.plist"; sourceTree = "<group>"; };
		3D768BA227A0B08000B05845 /* FeedViewController.swift */ = {isa = PBXFileReference; lastKnownFileType = sourcecode.swift; path = FeedViewController.swift; sourceTree = "<group>"; };
		3D768BA427A0B08F00B05845 /* SettingsViewController.swift */ = {isa = PBXFileReference; lastKnownFileType = sourcecode.swift; path = SettingsViewController.swift; sourceTree = "<group>"; };
		3D768BA627A0B0A700B05845 /* UploadViewController.swift */ = {isa = PBXFileReference; lastKnownFileType = sourcecode.swift; path = UploadViewController.swift; sourceTree = "<group>"; };
		3DED209B27A250CE00D19BB6 /* image.jpg */ = {isa = PBXFileReference; lastKnownFileType = image.jpeg; path = image.jpg; sourceTree = "<group>"; };
		6685E7B5BF21D19D2AC77B9A /* Pods-InstagramClone.debug.xcconfig */ = {isa = PBXFileReference; includeInIndex = 1; lastKnownFileType = text.xcconfig; name = "Pods-InstagramClone.debug.xcconfig"; path = "Target Support Files/Pods-InstagramClone/Pods-InstagramClone.debug.xcconfig"; sourceTree = "<group>"; };
		717CC2E86ED58DD213B6F104 /* Pods_InstagramClone.framework */ = {isa = PBXFileReference; explicitFileType = wrapper.framework; includeInIndex = 0; path = Pods_InstagramClone.framework; sourceTree = BUILT_PRODUCTS_DIR; };
		F9683AEA6E7C015386CB6702 /* Pods-InstagramClone.release.xcconfig */ = {isa = PBXFileReference; includeInIndex = 1; lastKnownFileType = text.xcconfig; name = "Pods-InstagramClone.release.xcconfig"; path = "Target Support Files/Pods-InstagramClone/Pods-InstagramClone.release.xcconfig"; sourceTree = "<group>"; };
/* End PBXFileReference section */

/* Begin PBXFrameworksBuildPhase section */
		3D68B1B2279EFBBE0020DF80 /* Frameworks */ = {
			isa = PBXFrameworksBuildPhase;
			buildActionMask = 2147483647;
			files = (
				54BDF6E3D8B05115D801812C /* Pods_InstagramClone.framework in Frameworks */,
			);
			runOnlyForDeploymentPostprocessing = 0;
		};
/* End PBXFrameworksBuildPhase section */

/* Begin PBXGroup section */
		3D68B1AC279EFBBE0020DF80 = {
			isa = PBXGroup;
			children = (
				3DED209B27A250CE00D19BB6 /* image.jpg */,
				3D68B1B7279EFBBE0020DF80 /* InstagramClone */,
				3D68B1B6279EFBBE0020DF80 /* Products */,
				C35AFF2C699F80790B46A562 /* Pods */,
				F4C337F10A5A355D46B9A6C0 /* Frameworks */,
			);
			sourceTree = "<group>";
		};
		3D68B1B6279EFBBE0020DF80 /* Products */ = {
			isa = PBXGroup;
			children = (
				3D68B1B5279EFBBE0020DF80 /* InstagramClone.app */,
			);
			name = Products;
			sourceTree = "<group>";
		};
		3D68B1B7279EFBBE0020DF80 /* InstagramClone */ = {
			isa = PBXGroup;
			children = (
				3D68B1B8279EFBBE0020DF80 /* AppDelegate.swift */,
				3D68B1BA279EFBBE0020DF80 /* SceneDelegate.swift */,
				3D68B1BC279EFBBE0020DF80 /* ViewController.swift */,
				3D68B1BE279EFBBE0020DF80 /* Main.storyboard */,
				3D68B1C4279EFBC00020DF80 /* Assets.xcassets */,
				3D68B1C6279EFBC00020DF80 /* LaunchScreen.storyboard */,
				3D68B1C9279EFBC00020DF80 /* Info.plist */,
				3D68B1CF279F011D0020DF80 /* GoogleService-Info.plist */,
				3D68B1C1279EFBBE0020DF80 /* InstagramClone.xcdatamodeld */,
				3D0D0DF327A1EA5D00CD3810 /* FeedCell.swift */,
				3D768BA227A0B08000B05845 /* FeedViewController.swift */,
				3D768BA627A0B0A700B05845 /* UploadViewController.swift */,
				3D768BA427A0B08F00B05845 /* SettingsViewController.swift */,
			);
			path = InstagramClone;
			sourceTree = "<group>";
		};
		C35AFF2C699F80790B46A562 /* Pods */ = {
			isa = PBXGroup;
			children = (
				6685E7B5BF21D19D2AC77B9A /* Pods-InstagramClone.debug.xcconfig */,
				F9683AEA6E7C015386CB6702 /* Pods-InstagramClone.release.xcconfig */,
			);
			path = Pods;
			sourceTree = "<group>";
		};
		F4C337F10A5A355D46B9A6C0 /* Frameworks */ = {
			isa = PBXGroup;
			children = (
				717CC2E86ED58DD213B6F104 /* Pods_InstagramClone.framework */,
			);
			name = Frameworks;
			sourceTree = "<group>";
		};
/* End PBXGroup section */

/* Begin PBXNativeTarget section */
		3D68B1B4279EFBBE0020DF80 /* InstagramClone */ = {
			isa = PBXNativeTarget;
			buildConfigurationList = 3D68B1CC279EFBC00020DF80 /* Build configuration list for PBXNativeTarget "InstagramClone" */;
			buildPhases = (
				D64EAC6436F537EC49C22C2F /* [CP] Check Pods Manifest.lock */,
				3D68B1B1279EFBBE0020DF80 /* Sources */,
				3D68B1B2279EFBBE0020DF80 /* Frameworks */,
				3D68B1B3279EFBBE0020DF80 /* Resources */,
				33F6DB6BF819B81D6350DAFD /* [CP] Embed Pods Frameworks */,
			);
			buildRules = (
			);
			dependencies = (
			);
			name = InstagramClone;
			productName = InstagramClone;
			productReference = 3D68B1B5279EFBBE0020DF80 /* InstagramClone.app */;
			productType = "com.apple.product-type.application";
		};
/* End PBXNativeTarget section */

/* Begin PBXProject section */
		3D68B1AD279EFBBE0020DF80 /* Project object */ = {
			isa = PBXProject;
			attributes = {
				BuildIndependentTargetsInParallel = 1;
				LastSwiftUpdateCheck = 1320;
				LastUpgradeCheck = 1320;
				TargetAttributes = {
					3D68B1B4279EFBBE0020DF80 = {
						CreatedOnToolsVersion = 13.2.1;
					};
				};
			};
			buildConfigurationList = 3D68B1B0279EFBBE0020DF80 /* Build configuration list for PBXProject "InstagramClone" */;
			compatibilityVersion = "Xcode 13.0";
			developmentRegion = en;
			hasScannedForEncodings = 0;
			knownRegions = (
				en,
				Base,
			);
			mainGroup = 3D68B1AC279EFBBE0020DF80;
			productRefGroup = 3D68B1B6279EFBBE0020DF80 /* Products */;
			projectDirPath = "";
			projectRoot = "";
			targets = (
				3D68B1B4279EFBBE0020DF80 /* InstagramClone */,
			);
		};
/* End PBXProject section */

/* Begin PBXResourcesBuildPhase section */
		3D68B1B3279EFBBE0020DF80 /* Resources */ = {
			isa = PBXResourcesBuildPhase;
			buildActionMask = 2147483647;
			files = (
				3D68B1C8279EFBC00020DF80 /* LaunchScreen.storyboard in Resources */,
				3D68B1D0279F011D0020DF80 /* GoogleService-Info.plist in Resources */,
				3D68B1C5279EFBC00020DF80 /* Assets.xcassets in Resources */,
				3D68B1C0279EFBBE0020DF80 /* Main.storyboard in Resources */,
				3DED209C27A250CF00D19BB6 /* image.jpg in Resources */,
			);
			runOnlyForDeploymentPostprocessing = 0;
		};
/* End PBXResourcesBuildPhase section */

/* Begin PBXShellScriptBuildPhase section */
		33F6DB6BF819B81D6350DAFD /* [CP] Embed Pods Frameworks */ = {
			isa = PBXShellScriptBuildPhase;
			buildActionMask = 2147483647;
			files = (
			);
			inputFileListPaths = (
				"${PODS_ROOT}/Target Support Files/Pods-InstagramClone/Pods-InstagramClone-frameworks-${CONFIGURATION}-input-files.xcfilelist",
			);
			name = "[CP] Embed Pods Frameworks";
			outputFileListPaths = (
				"${PODS_ROOT}/Target Support Files/Pods-InstagramClone/Pods-InstagramClone-frameworks-${CONFIGURATION}-output-files.xcfilelist",
			);
			runOnlyForDeploymentPostprocessing = 0;
			shellPath = /bin/sh;
			shellScript = "\"${PODS_ROOT}/Target Support Files/Pods-InstagramClone/Pods-InstagramClone-frameworks.sh\"\n";
			showEnvVarsInLog = 0;
		};
		D64EAC6436F537EC49C22C2F /* [CP] Check Pods Manifest.lock */ = {
			isa = PBXShellScriptBuildPhase;
			buildActionMask = 2147483647;
			files = (
			);
			inputFileListPaths = (
			);
			inputPaths = (
				"${PODS_PODFILE_DIR_PATH}/Podfile.lock",
				"${PODS_ROOT}/Manifest.lock",
			);
			name = "[CP] Check Pods Manifest.lock";
			outputFileListPaths = (
			);
			outputPaths = (
				"$(DERIVED_FILE_DIR)/Pods-InstagramClone-checkManifestLockResult.txt",
			);
			runOnlyForDeploymentPostprocessing = 0;
			shellPath = /bin/sh;
			shellScript = "diff \"${PODS_PODFILE_DIR_PATH}/Podfile.lock\" \"${PODS_ROOT}/Manifest.lock\" > /dev/null\nif [ $? != 0 ] ; then\n    # print error to STDERR\n    echo \"error: The sandbox is not in sync with the Podfile.lock. Run 'pod install' or update your CocoaPods installation.\" >&2\n    exit 1\nfi\n# This output is used by Xcode 'outputs' to avoid re-running this script phase.\necho \"SUCCESS\" > \"${SCRIPT_OUTPUT_FILE_0}\"\n";
			showEnvVarsInLog = 0;
		};
/* End PBXShellScriptBuildPhase section */

/* Begin PBXSourcesBuildPhase section */
		3D68B1B1279EFBBE0020DF80 /* Sources */ = {
			isa = PBXSourcesBuildPhase;
			buildActionMask = 2147483647;
			files = (
				3D68B1BD279EFBBE0020DF80 /* ViewController.swift in Sources */,
				3D768BA727A0B0A700B05845 /* UploadViewController.swift in Sources */,
				3D68B1B9279EFBBE0020DF80 /* AppDelegate.swift in Sources */,
				3D768BA327A0B08000B05845 /* FeedViewController.swift in Sources */,
				3D68B1C3279EFBBE0020DF80 /* InstagramClone.xcdatamodeld in Sources */,
				3D0D0DF427A1EA5D00CD3810 /* FeedCell.swift in Sources */,
				3D68B1BB279EFBBE0020DF80 /* SceneDelegate.swift in Sources */,
				3D768BA527A0B08F00B05845 /* SettingsViewController.swift in Sources */,
			);
			runOnlyForDeploymentPostprocessing = 0;
		};
/* End PBXSourcesBuildPhase section */

/* Begin PBXVariantGroup section */
		3D68B1BE279EFBBE0020DF80 /* Main.storyboard */ = {
			isa = PBXVariantGroup;
			children = (
				3D68B1BF279EFBBE0020DF80 /* Base */,
			);
			name = Main.storyboard;
			sourceTree = "<group>";
		};
		3D68B1C6279EFBC00020DF80 /* LaunchScreen.storyboard */ = {
			isa = PBXVariantGroup;
			children = (
				3D68B1C7279EFBC00020DF80 /* Base */,
			);
			name = LaunchScreen.storyboard;
			sourceTree = "<group>";
		};
/* End PBXVariantGroup section */

/* Begin XCBuildConfiguration section */
		3D68B1CA279EFBC00020DF80 /* Debug */ = {
			isa = XCBuildConfiguration;
			buildSettings = {
				ALWAYS_SEARCH_USER_PATHS = NO;
				CLANG_ANALYZER_NONNULL = YES;
				CLANG_ANALYZER_NUMBER_OBJECT_CONVERSION = YES_AGGRESSIVE;
				CLANG_CXX_LANGUAGE_STANDARD = "gnu++17";
				CLANG_CXX_LIBRARY = "libc++";
				CLANG_ENABLE_MODULES = YES;
				CLANG_ENABLE_OBJC_ARC = YES;
				CLANG_ENABLE_OBJC_WEAK = YES;
				CLANG_WARN_BLOCK_CAPTURE_AUTORELEASING = YES;
				CLANG_WARN_BOOL_CONVERSION = YES;
				CLANG_WARN_COMMA = YES;
				CLANG_WARN_CONSTANT_CONVERSION = YES;
				CLANG_WARN_DEPRECATED_OBJC_IMPLEMENTATIONS = YES;
				CLANG_WARN_DIRECT_OBJC_ISA_USAGE = YES_ERROR;
				CLANG_WARN_DOCUMENTATION_COMMENTS = YES;
				CLANG_WARN_EMPTY_BODY = YES;
				CLANG_WARN_ENUM_CONVERSION = YES;
				CLANG_WARN_INFINITE_RECURSION = YES;
				CLANG_WARN_INT_CONVERSION = YES;
				CLANG_WARN_NON_LITERAL_NULL_CONVERSION = YES;
				CLANG_WARN_OBJC_IMPLICIT_RETAIN_SELF = YES;
				CLANG_WARN_OBJC_LITERAL_CONVERSION = YES;
				CLANG_WARN_OBJC_ROOT_CLASS = YES_ERROR;
				CLANG_WARN_QUOTED_INCLUDE_IN_FRAMEWORK_HEADER = YES;
				CLANG_WARN_RANGE_LOOP_ANALYSIS = YES;
				CLANG_WARN_STRICT_PROTOTYPES = YES;
				CLANG_WARN_SUSPICIOUS_MOVE = YES;
				CLANG_WARN_UNGUARDED_AVAILABILITY = YES_AGGRESSIVE;
				CLANG_WARN_UNREACHABLE_CODE = YES;
				CLANG_WARN__DUPLICATE_METHOD_MATCH = YES;
				COPY_PHASE_STRIP = NO;
				DEBUG_INFORMATION_FORMAT = dwarf;
				ENABLE_STRICT_OBJC_MSGSEND = YES;
				ENABLE_TESTABILITY = YES;
				GCC_C_LANGUAGE_STANDARD = gnu11;
				GCC_DYNAMIC_NO_PIC = NO;
				GCC_NO_COMMON_BLOCKS = YES;
				GCC_OPTIMIZATION_LEVEL = 0;
				GCC_PREPROCESSOR_DEFINITIONS = (
					"DEBUG=1",
					"$(inherited)",
				);
				GCC_WARN_64_TO_32_BIT_CONVERSION = YES;
				GCC_WARN_ABOUT_RETURN_TYPE = YES_ERROR;
				GCC_WARN_UNDECLARED_SELECTOR = YES;
				GCC_WARN_UNINITIALIZED_AUTOS = YES_AGGRESSIVE;
				GCC_WARN_UNUSED_FUNCTION = YES;
				GCC_WARN_UNUSED_VARIABLE = YES;
				IPHONEOS_DEPLOYMENT_TARGET = 15.2;
				MTL_ENABLE_DEBUG_INFO = INCLUDE_SOURCE;
				MTL_FAST_MATH = YES;
				ONLY_ACTIVE_ARCH = YES;
				SDKROOT = iphoneos;
				SWIFT_ACTIVE_COMPILATION_CONDITIONS = DEBUG;
				SWIFT_OPTIMIZATION_LEVEL = "-Onone";
			};
			name = Debug;
		};
		3D68B1CB279EFBC00020DF80 /* Release */ = {
			isa = XCBuildConfiguration;
			buildSettings = {
				ALWAYS_SEARCH_USER_PATHS = NO;
				CLANG_ANALYZER_NONNULL = YES;
				CLANG_ANALYZER_NUMBER_OBJECT_CONVERSION = YES_AGGRESSIVE;
				CLANG_CXX_LANGUAGE_STANDARD = "gnu++17";
				CLANG_CXX_LIBRARY = "libc++";
				CLANG_ENABLE_MODULES = YES;
				CLANG_ENABLE_OBJC_ARC = YES;
				CLANG_ENABLE_OBJC_WEAK = YES;
				CLANG_WARN_BLOCK_CAPTURE_AUTORELEASING = YES;
				CLANG_WARN_BOOL_CONVERSION = YES;
				CLANG_WARN_COMMA = YES;
				CLANG_WARN_CONSTANT_CONVERSION = YES;
				CLANG_WARN_DEPRECATED_OBJC_IMPLEMENTATIONS = YES;
				CLANG_WARN_DIRECT_OBJC_ISA_USAGE = YES_ERROR;
				CLANG_WARN_DOCUMENTATION_COMMENTS = YES;
				CLANG_WARN_EMPTY_BODY = YES;
				CLANG_WARN_ENUM_CONVERSION = YES;
				CLANG_WARN_INFINITE_RECURSION = YES;
				CLANG_WARN_INT_CONVERSION = YES;
				CLANG_WARN_NON_LITERAL_NULL_CONVERSION = YES;
				CLANG_WARN_OBJC_IMPLICIT_RETAIN_SELF = YES;
				CLANG_WARN_OBJC_LITERAL_CONVERSION = YES;
				CLANG_WARN_OBJC_ROOT_CLASS = YES_ERROR;
				CLANG_WARN_QUOTED_INCLUDE_IN_FRAMEWORK_HEADER = YES;
				CLANG_WARN_RANGE_LOOP_ANALYSIS = YES;
				CLANG_WARN_STRICT_PROTOTYPES = YES;
				CLANG_WARN_SUSPICIOUS_MOVE = YES;
				CLANG_WARN_UNGUARDED_AVAILABILITY = YES_AGGRESSIVE;
				CLANG_WARN_UNREACHABLE_CODE = YES;
				CLANG_WARN__DUPLICATE_METHOD_MATCH = YES;
				COPY_PHASE_STRIP = NO;
				DEBUG_INFORMATION_FORMAT = "dwarf-with-dsym";
				ENABLE_NS_ASSERTIONS = NO;
				ENABLE_STRICT_OBJC_MSGSEND = YES;
				GCC_C_LANGUAGE_STANDARD = gnu11;
				GCC_NO_COMMON_BLOCKS = YES;
				GCC_WARN_64_TO_32_BIT_CONVERSION = YES;
				GCC_WARN_ABOUT_RETURN_TYPE = YES_ERROR;
				GCC_WARN_UNDECLARED_SELECTOR = YES;
				GCC_WARN_UNINITIALIZED_AUTOS = YES_AGGRESSIVE;
				GCC_WARN_UNUSED_FUNCTION = YES;
				GCC_WARN_UNUSED_VARIABLE = YES;
				IPHONEOS_DEPLOYMENT_TARGET = 15.2;
				MTL_ENABLE_DEBUG_INFO = NO;
				MTL_FAST_MATH = YES;
				SDKROOT = iphoneos;
				SWIFT_COMPILATION_MODE = wholemodule;
				SWIFT_OPTIMIZATION_LEVEL = "-O";
				VALIDATE_PRODUCT = YES;
			};
			name = Release;
		};
		3D68B1CD279EFBC00020DF80 /* Debug */ = {
			isa = XCBuildConfiguration;
			baseConfigurationReference = 6685E7B5BF21D19D2AC77B9A /* Pods-InstagramClone.debug.xcconfig */;
			buildSettings = {
				ASSETCATALOG_COMPILER_APPICON_NAME = AppIcon;
				ASSETCATALOG_COMPILER_GLOBAL_ACCENT_COLOR_NAME = AccentColor;
				CODE_SIGN_STYLE = Automatic;
				CURRENT_PROJECT_VERSION = 1;
				DEVELOPMENT_TEAM = 8GRY7H4XM8;
				GENERATE_INFOPLIST_FILE = YES;
				INFOPLIST_FILE = InstagramClone/Info.plist;
				INFOPLIST_KEY_UIApplicationSupportsIndirectInputEvents = YES;
				INFOPLIST_KEY_UILaunchStoryboardName = LaunchScreen;
				INFOPLIST_KEY_UIMainStoryboardFile = Main;
				INFOPLIST_KEY_UISupportedInterfaceOrientations_iPad = "UIInterfaceOrientationPortrait UIInterfaceOrientationPortraitUpsideDown UIInterfaceOrientationLandscapeLeft UIInterfaceOrientationLandscapeRight";
				INFOPLIST_KEY_UISupportedInterfaceOrientations_iPhone = "UIInterfaceOrientationPortrait UIInterfaceOrientationLandscapeLeft UIInterfaceOrientationLandscapeRight";
				LD_RUNPATH_SEARCH_PATHS = (
					"$(inherited)",
					"@executable_path/Frameworks",
				);
				MARKETING_VERSION = 1.0;
				PRODUCT_BUNDLE_IDENTIFIER = com.sezarion.InstagramClone;
				PRODUCT_NAME = "$(TARGET_NAME)";
				SWIFT_EMIT_LOC_STRINGS = YES;
				SWIFT_VERSION = 5.0;
				TARGETED_DEVICE_FAMILY = "1,2";
			};
			name = Debug;
		};
		3D68B1CE279EFBC00020DF80 /* Release */ = {
			isa = XCBuildConfiguration;
			baseConfigurationReference = F9683AEA6E7C015386CB6702 /* Pods-InstagramClone.release.xcconfig */;
			buildSettings = {
				ASSETCATALOG_COMPILER_APPICON_NAME = AppIcon;
				ASSETCATALOG_COMPILER_GLOBAL_ACCENT_COLOR_NAME = AccentColor;
				CODE_SIGN_STYLE = Automatic;
				CURRENT_PROJECT_VERSION = 1;
				DEVELOPMENT_TEAM = 8GRY7H4XM8;
				GENERATE_INFOPLIST_FILE = YES;
				INFOPLIST_FILE = InstagramClone/Info.plist;
				INFOPLIST_KEY_UIApplicationSupportsIndirectInputEvents = YES;
				INFOPLIST_KEY_UILaunchStoryboardName = LaunchScreen;
				INFOPLIST_KEY_UIMainStoryboardFile = Main;
				INFOPLIST_KEY_UISupportedInterfaceOrientations_iPad = "UIInterfaceOrientationPortrait UIInterfaceOrientationPortraitUpsideDown UIInterfaceOrientationLandscapeLeft UIInterfaceOrientationLandscapeRight";
				INFOPLIST_KEY_UISupportedInterfaceOrientations_iPhone = "UIInterfaceOrientationPortrait UIInterfaceOrientationLandscapeLeft UIInterfaceOrientationLandscapeRight";
				LD_RUNPATH_SEARCH_PATHS = (
					"$(inherited)",
					"@executable_path/Frameworks",
				);
				MARKETING_VERSION = 1.0;
				PRODUCT_BUNDLE_IDENTIFIER = com.sezarion.InstagramClone;
				PRODUCT_NAME = "$(TARGET_NAME)";
				SWIFT_EMIT_LOC_STRINGS = YES;
				SWIFT_VERSION = 5.0;
				TARGETED_DEVICE_FAMILY = "1,2";
			};
			name = Release;
		};
/* End XCBuildConfiguration section */

/* Begin XCConfigurationList section */
		3D68B1B0279EFBBE0020DF80 /* Build configuration list for PBXProject "InstagramClone" */ = {
			isa = XCConfigurationList;
			buildConfigurations = (
				3D68B1CA279EFBC00020DF80 /* Debug */,
				3D68B1CB279EFBC00020DF80 /* Release */,
			);
			defaultConfigurationIsVisible = 0;
			defaultConfigurationName = Release;
		};
		3D68B1CC279EFBC00020DF80 /* Build configuration list for PBXNativeTarget "InstagramClone" */ = {
			isa = XCConfigurationList;
			buildConfigurations = (
				3D68B1CD279EFBC00020DF80 /* Debug */,
				3D68B1CE279EFBC00020DF80 /* Release */,
			);
			defaultConfigurationIsVisible = 0;
			defaultConfigurationName = Release;
		};
/* End XCConfigurationList section */

/* Begin XCVersionGroup section */
		3D68B1C1279EFBBE0020DF80 /* InstagramClone.xcdatamodeld */ = {
			isa = XCVersionGroup;
			children = (
				3D68B1C2279EFBBE0020DF80 /* InstagramClone.xcdatamodel */,
			);
			currentVersion = 3D68B1C2279EFBBE0020DF80 /* InstagramClone.xcdatamodel */;
			path = InstagramClone.xcdatamodeld;
			sourceTree = "<group>";
			versionGroupType = wrapper.xcdatamodel;
		};
/* End XCVersionGroup section */
	};
	rootObject = 3D68B1AD279EFBBE0020DF80 /* Project object */;
}
